Microsoft Visual Studio Solution File, Format Version 12.00
# Visual Studio 15
VisualStudioVersion = 15.0.27130.2036
MinimumVisualStudioVersion = 10.0.40219.1
Project("{FAE04EC0-301F-11D3-BF4B-00C04F79EFBC}") = "NoQlue", "NoQlue\NoQlue.csproj", "{834154CB-E731-4F49-8D45-39B9D1A39BD7}"
EndProject
Project("{FAE04EC0-301F-11D3-BF4B-00C04F79EFBC}") = "NoQlue.iOS", "iOS\NoQlue.iOS.csproj", "{9F512C0D-39D6-4F10-8D37-9019BD320EFF}"
EndProject
Project("{FAE04EC0-301F-11D3-BF4B-00C04F79EFBC}") = "NoQlue.Droid", "Droid\NoQlue.Droid.csproj", "{B1B38816-FABD-49D1-AB3F-810EA54D25DE}"
EndProject
Global
	GlobalSection(SolutionConfigurationPlatforms) = preSolution
		Debug|Any CPU = Debug|Any CPU
		Debug|iPhone = Debug|iPhone
		Debug|iPhoneSimulator = Debug|iPhoneSimulator
		Release|Any CPU = Release|Any CPU
		Release|iPhone = Release|iPhone
		Release|iPhoneSimulator = Release|iPhoneSimulator
	EndGlobalSection
	GlobalSection(ProjectConfigurationPlatforms) = postSolution
		{834154CB-E731-4F49-8D45-39B9D1A39BD7}.Debug|Any CPU.ActiveCfg = Debug|Any CPU
		{834154CB-E731-4F49-8D45-39B9D1A39BD7}.Debug|Any CPU.Build.0 = Debug|Any CPU
		{834154CB-E731-4F49-8D45-39B9D1A39BD7}.Debug|iPhone.ActiveCfg = Debug|Any CPU
		{834154CB-E731-4F49-8D45-39B9D1A39BD7}.Debug|iPhone.Build.0 = Debug|Any CPU
		{834154CB-E731-4F49-8D45-39B9D1A39BD7}.Debug|iPhoneSimulator.ActiveCfg = Debug|Any CPU
		{834154CB-E731-4F49-8D45-39B9D1A39BD7}.Debug|iPhoneSimulator.Build.0 = Debug|Any CPU
		{834154CB-E731-4F49-8D45-39B9D1A39BD7}.Release|Any CPU.ActiveCfg = Release|Any CPU
		{834154CB-E731-4F49-8D45-39B9D1A39BD7}.Release|Any CPU.Build.0 = Release|Any CPU
		{834154CB-E731-4F49-8D45-39B9D1A39BD7}.Release|iPhone.ActiveCfg = Release|Any CPU
		{834154CB-E731-4F49-8D45-39B9D1A39BD7}.Release|iPhone.Build.0 = Release|Any CPU
		{834154CB-E731-4F49-8D45-39B9D1A39BD7}.Release|iPhoneSimulator.ActiveCfg = Release|Any CPU
		{834154CB-E731-4F49-8D45-39B9D1A39BD7}.Release|iPhoneSimulator.Build.0 = Release|Any CPU
		{9F512C0D-39D6-4F10-8D37-9019BD320EFF}.Debug|Any CPU.ActiveCfg = Debug|iPhoneSimulator
		{9F512C0D-39D6-4F10-8D37-9019BD320EFF}.Debug|Any CPU.Build.0 = Debug|iPhoneSimulator
		{9F512C0D-39D6-4F10-8D37-9019BD320EFF}.Debug|iPhone.ActiveCfg = Debug|iPhone
		{9F512C0D-39D6-4F10-8D37-9019BD320EFF}.Debug|iPhone.Build.0 = Debug|iPhone
		{9F512C0D-39D6-4F10-8D37-9019BD320EFF}.Debug|iPhoneSimulator.ActiveCfg = Debug|iPhoneSimulator
		{9F512C0D-39D6-4F10-8D37-9019BD320EFF}.Debug|iPhoneSimulator.Build.0 = Debug|iPhoneSimulator
		{9F512C0D-39D6-4F10-8D37-9019BD320EFF}.Release|Any CPU.ActiveCfg = Release|iPhone
		{9F512C0D-39D6-4F10-8D37-9019BD320EFF}.Release|Any CPU.Build.0 = Release|iPhone
		{9F512C0D-39D6-4F10-8D37-9019BD320EFF}.Release|iPhone.ActiveCfg = Release|iPhone
		{9F512C0D-39D6-4F10-8D37-9019BD320EFF}.Release|iPhone.Build.0 = Release|iPhone
		{9F512C0D-39D6-4F10-8D37-9019BD320EFF}.Release|iPhoneSimulator.ActiveCfg = Release|iPhoneSimulator
		{9F512C0D-39D6-4F10-8D37-9019BD320EFF}.Release|iPhoneSimulator.Build.0 = Release|iPhoneSimulator
		{B1B38816-FABD-49D1-AB3F-810EA54D25DE}.Debug|Any CPU.ActiveCfg = Debug|Any CPU
		{B1B38816-FABD-49D1-AB3F-810EA54D25DE}.Debug|Any CPU.Build.0 = Debug|Any CPU
		{B1B38816-FABD-49D1-AB3F-810EA54D25DE}.Debug|Any CPU.Deploy.0 = Debug|Any CPU
		{B1B38816-FABD-49D1-AB3F-810EA54D25DE}.Debug|iPhone.ActiveCfg = Debug|Any CPU
		{B1B38816-FABD-49D1-AB3F-810EA54D25DE}.Debug|iPhone.Build.0 = Debug|Any CPU
		{B1B38816-FABD-49D1-AB3F-810EA54D25DE}.Debug|iPhoneSimulator.ActiveCfg = Debug|Any CPU
		{B1B38816-FABD-49D1-AB3F-810EA54D25DE}.Debug|iPhoneSimulator.Build.0 = Debug|Any CPU
		{B1B38816-FABD-49D1-AB3F-810EA54D25DE}.Release|Any CPU.ActiveCfg = Release|Any CPU
		{B1B38816-FABD-49D1-AB3F-810EA54D25DE}.Release|Any CPU.Build.0 = Release|Any CPU
		{B1B38816-FABD-49D1-AB3F-810EA54D25DE}.Release|iPhone.ActiveCfg = Release|Any CPU
		{B1B38816-FABD-49D1-AB3F-810EA54D25DE}.Release|iPhone.Build.0 = Release|Any CPU
		{B1B38816-FABD-49D1-AB3F-810EA54D25DE}.Release|iPhoneSimulator.ActiveCfg = Release|Any CPU
		{B1B38816-FABD-49D1-AB3F-810EA54D25DE}.Release|iPhoneSimulator.Build.0 = Release|Any CPU
	EndGlobalSection
	GlobalSection(SolutionProperties) = preSolution
		HideSolutionNode = FALSE
	EndGlobalSection
	GlobalSection(ExtensibilityGlobals) = postSolution
		SolutionGuid = {1C152A10-7155-40E7-9460-903854C6893F}
	EndGlobalSection
EndGlobal
